
Microsoft Visual Studio Solution File, Format Version 12.00
# Visual Studio 15
VisualStudioVersion = 15.0.27004.2009
MinimumVisualStudioVersion = 10.0.40219.1
Project("{FAE04EC0-301F-11D3-BF4B-00C04F79EFBC}") = "GOL", "GOL\GOL.csproj", "{13BDA63F-970A-4A8E-8350-B0F78AB5BEE0}"
EndProject
Global
	GlobalSection(SolutionConfigurationPlatforms) = preSolution
		Debug|Any CPU = Debug|Any CPU
		Release|Any CPU = Release|Any CPU
	EndGlobalSection
	GlobalSection(ProjectConfigurationPlatforms) = postSolution
		{13BDA63F-970A-4A8E-8350-B0F78AB5BEE0}.Debug|Any CPU.ActiveCfg = Debug|Any CPU
		{13BDA63F-970A-4A8E-8350-B0F78AB5BEE0}.Debug|Any CPU.Build.0 = Debug|Any CPU
		{13BDA63F-970A-4A8E-8350-B0F78AB5BEE0}.Release|Any CPU.ActiveCfg = Release|Any CPU
		{13BDA63F-970A-4A8E-8350-B0F78AB5BEE0}.Release|Any CPU.Build.0 = Release|Any CPU
	EndGlobalSection
	GlobalSection(SolutionProperties) = preSolution
		HideSolutionNode = FALSE
	EndGlobalSection
	GlobalSection(ExtensibilityGlobals) = postSolution
		SolutionGuid = {7A112782-376D-42E8-9352-9491210DE7AA}
	EndGlobalSection
EndGlobal
